// !$*UTF8*$!
{
	archiveVersion = 1;
	classes = {
	};
	objectVersion = 56;
	objects = {

/* Begin PBXBuildFile section */
		D6086CFB29A8E93D00E9EBC3 /* TechnicalTestApp.swift in Sources */ = {isa = PBXBuildFile; fileRef = D6086CFA29A8E93D00E9EBC3 /* TechnicalTestApp.swift */; };
		D6086CFD29A8E93D00E9EBC3 /* ContentView.swift in Sources */ = {isa = PBXBuildFile; fileRef = D6086CFC29A8E93D00E9EBC3 /* ContentView.swift */; };
		D6086CFF29A8E93F00E9EBC3 /* Assets.xcassets in Resources */ = {isa = PBXBuildFile; fileRef = D6086CFE29A8E93F00E9EBC3 /* Assets.xcassets */; };
		D6086D0329A8E93F00E9EBC3 /* Preview Assets.xcassets in Resources */ = {isa = PBXBuildFile; fileRef = D6086D0229A8E93F00E9EBC3 /* Preview Assets.xcassets */; };
		D6086D0D29A8E93F00E9EBC3 /* TechnicalTestTests.swift in Sources */ = {isa = PBXBuildFile; fileRef = D6086D0C29A8E93F00E9EBC3 /* TechnicalTestTests.swift */; };
		D6086D1729A8E93F00E9EBC3 /* TechnicalTestUITests.swift in Sources */ = {isa = PBXBuildFile; fileRef = D6086D1629A8E93F00E9EBC3 /* TechnicalTestUITests.swift */; };
		D6086D2929A8EC5900E9EBC3 /* AppService.swift in Sources */ = {isa = PBXBuildFile; fileRef = D6086D2829A8EC5900E9EBC3 /* AppService.swift */; };
		D6086D2E29A8F5DB00E9EBC3 /* ResultsModel.swift in Sources */ = {isa = PBXBuildFile; fileRef = D6086D2D29A8F5DB00E9EBC3 /* ResultsModel.swift */; };
		D6086D3129A8F90200E9EBC3 /* String.swift in Sources */ = {isa = PBXBuildFile; fileRef = D6086D3029A8F90200E9EBC3 /* String.swift */; };
		D6287B7629A9056D006B9C96 /* ArticlePreview.swift in Sources */ = {isa = PBXBuildFile; fileRef = D6287B7529A9056D006B9C96 /* ArticlePreview.swift */; };
		D6287B7929AA0990006B9C96 /* ArticleImage.swift in Sources */ = {isa = PBXBuildFile; fileRef = D6287B7829AA0990006B9C96 /* ArticleImage.swift */; };
		D6287B7C29AA0A6C006B9C96 /* ArticleListView.swift in Sources */ = {isa = PBXBuildFile; fileRef = D6287B7B29AA0A6C006B9C96 /* ArticleListView.swift */; };
		D6287B7F29AA1871006B9C96 /* OpenedArticleView.swift in Sources */ = {isa = PBXBuildFile; fileRef = D6287B7E29AA1871006B9C96 /* OpenedArticleView.swift */; };
		D6287B8129AA1C86006B9C96 /* PressButton.swift in Sources */ = {isa = PBXBuildFile; fileRef = D6287B8029AA1C86006B9C96 /* PressButton.swift */; };
		D6287B8329AA1DE9006B9C96 /* testData.json in Resources */ = {isa = PBXBuildFile; fileRef = D6287B8229AA1DE9006B9C96 /* testData.json */; };
		D6287B8529AA2A88006B9C96 /* WebView.swift in Sources */ = {isa = PBXBuildFile; fileRef = D6287B8429AA2A88006B9C96 /* WebView.swift */; };
		D6287B8829AA3151006B9C96 /* Localizable.strings in Resources */ = {isa = PBXBuildFile; fileRef = D6287B8A29AA3151006B9C96 /* Localizable.strings */; };
		D6287B8D29AA327F006B9C96 /* PrimaryButton.swift in Sources */ = {isa = PBXBuildFile; fileRef = D6287B8C29AA327F006B9C96 /* PrimaryButton.swift */; };
		D6287B8F29AA5689006B9C96 /* SegmentedSelector.swift in Sources */ = {isa = PBXBuildFile; fileRef = D6287B8E29AA5689006B9C96 /* SegmentedSelector.swift */; };
		D6287B9129AA6AB0006B9C96 /* OpenedArticlePreview.swift in Sources */ = {isa = PBXBuildFile; fileRef = D6287B9029AA6AB0006B9C96 /* OpenedArticlePreview.swift */; };
		D6287B9429AA6CE5006B9C96 /* SearchButton.swift in Sources */ = {isa = PBXBuildFile; fileRef = D6287B9329AA6CE5006B9C96 /* SearchButton.swift */; };
		D6287B9629AA6EB3006B9C96 /* CornerRadius.swift in Sources */ = {isa = PBXBuildFile; fileRef = D6287B9529AA6EB3006B9C96 /* CornerRadius.swift */; };
		D68F020629ABD91000D9323B /* Fetch.swift in Sources */ = {isa = PBXBuildFile; fileRef = D68F020529ABD91000D9323B /* Fetch.swift */; };
		D68F020729ABE12100D9323B /* AppService.swift in Sources */ = {isa = PBXBuildFile; fileRef = D6086D2829A8EC5900E9EBC3 /* AppService.swift */; };
		D68F020829ABE6A200D9323B /* ResultsModel.swift in Sources */ = {isa = PBXBuildFile; fileRef = D6086D2D29A8F5DB00E9EBC3 /* ResultsModel.swift */; };
		D68F020929ABE6AC00D9323B /* String.swift in Sources */ = {isa = PBXBuildFile; fileRef = D6086D3029A8F90200E9EBC3 /* String.swift */; };
		D68F020A29ABE6B400D9323B /* Fetch.swift in Sources */ = {isa = PBXBuildFile; fileRef = D68F020529ABD91000D9323B /* Fetch.swift */; };
		D68F021929ABF15C00D9323B /* FetchHeadlinesEmpty.swift in Sources */ = {isa = PBXBuildFile; fileRef = D68F021829ABF15C00D9323B /* FetchHeadlinesEmpty.swift */; };
		D68F021B29ABF1D300D9323B /* FetchHeadlinesError.swift in Sources */ = {isa = PBXBuildFile; fileRef = D68F021A29ABF1D300D9323B /* FetchHeadlinesError.swift */; };
		D68F021D29ABF1E300D9323B /* FetchHeadlinesSuccess.swift in Sources */ = {isa = PBXBuildFile; fileRef = D68F021C29ABF1E300D9323B /* FetchHeadlinesSuccess.swift */; };
		D68F022029ABF24200D9323B /* FetchSearchesSuccess.swift in Sources */ = {isa = PBXBuildFile; fileRef = D68F021F29ABF24200D9323B /* FetchSearchesSuccess.swift */; };
/* End PBXBuildFile section */

/* Begin PBXContainerItemProxy section */
		D6086D0929A8E93F00E9EBC3 /* PBXContainerItemProxy */ = {
			isa = PBXContainerItemProxy;
			containerPortal = D6086CEF29A8E93D00E9EBC3 /* Project object */;
			proxyType = 1;
			remoteGlobalIDString = D6086CF629A8E93D00E9EBC3;
			remoteInfo = TechnicalTest;
		};
		D6086D1329A8E93F00E9EBC3 /* PBXContainerItemProxy */ = {
			isa = PBXContainerItemProxy;
			containerPortal = D6086CEF29A8E93D00E9EBC3 /* Project object */;
			proxyType = 1;
			remoteGlobalIDString = D6086CF629A8E93D00E9EBC3;
			remoteInfo = TechnicalTest;
		};
/* End PBXContainerItemProxy section */

/* Begin PBXFileReference section */
		D6086CF729A8E93D00E9EBC3 /* TechnicalTest.app */ = {isa = PBXFileReference; explicitFileType = wrapper.application; includeInIndex = 0; path = TechnicalTest.app; sourceTree = BUILT_PRODUCTS_DIR; };
		D6086CFA29A8E93D00E9EBC3 /* TechnicalTestApp.swift */ = {isa = PBXFileReference; lastKnownFileType = sourcecode.swift; path = TechnicalTestApp.swift; sourceTree = "<group>"; };
		D6086CFC29A8E93D00E9EBC3 /* ContentView.swift */ = {isa = PBXFileReference; lastKnownFileType = sourcecode.swift; path = ContentView.swift; sourceTree = "<group>"; };
		D6086CFE29A8E93F00E9EBC3 /* Assets.xcassets */ = {isa = PBXFileReference; lastKnownFileType = folder.assetcatalog; path = Assets.xcassets; sourceTree = "<group>"; };
		D6086D0029A8E93F00E9EBC3 /* TechnicalTest.entitlements */ = {isa = PBXFileReference; lastKnownFileType = text.plist.entitlements; path = TechnicalTest.entitlements; sourceTree = "<group>"; };
		D6086D0229A8E93F00E9EBC3 /* Preview Assets.xcassets */ = {isa = PBXFileReference; lastKnownFileType = folder.assetcatalog; path = "Preview Assets.xcassets"; sourceTree = "<group>"; };
		D6086D0829A8E93F00E9EBC3 /* TechnicalTestTests.xctest */ = {isa = PBXFileReference; explicitFileType = wrapper.cfbundle; includeInIndex = 0; path = TechnicalTestTests.xctest; sourceTree = BUILT_PRODUCTS_DIR; };
		D6086D0C29A8E93F00E9EBC3 /* TechnicalTestTests.swift */ = {isa = PBXFileReference; lastKnownFileType = sourcecode.swift; path = TechnicalTestTests.swift; sourceTree = "<group>"; };
		D6086D1229A8E93F00E9EBC3 /* TechnicalTestUITests.xctest */ = {isa = PBXFileReference; explicitFileType = wrapper.cfbundle; includeInIndex = 0; path = TechnicalTestUITests.xctest; sourceTree = BUILT_PRODUCTS_DIR; };
		D6086D1629A8E93F00E9EBC3 /* TechnicalTestUITests.swift */ = {isa = PBXFileReference; lastKnownFileType = sourcecode.swift; path = TechnicalTestUITests.swift; sourceTree = "<group>"; };
		D6086D2829A8EC5900E9EBC3 /* AppService.swift */ = {isa = PBXFileReference; lastKnownFileType = sourcecode.swift; path = AppService.swift; sourceTree = "<group>"; };
		D6086D2D29A8F5DB00E9EBC3 /* ResultsModel.swift */ = {isa = PBXFileReference; lastKnownFileType = sourcecode.swift; path = ResultsModel.swift; sourceTree = "<group>"; };
		D6086D3029A8F90200E9EBC3 /* String.swift */ = {isa = PBXFileReference; lastKnownFileType = sourcecode.swift; path = String.swift; sourceTree = "<group>"; };
		D6287B7529A9056D006B9C96 /* ArticlePreview.swift */ = {isa = PBXFileReference; lastKnownFileType = sourcecode.swift; path = ArticlePreview.swift; sourceTree = "<group>"; };
		D6287B7829AA0990006B9C96 /* ArticleImage.swift */ = {isa = PBXFileReference; lastKnownFileType = sourcecode.swift; path = ArticleImage.swift; sourceTree = "<group>"; };
		D6287B7B29AA0A6C006B9C96 /* ArticleListView.swift */ = {isa = PBXFileReference; lastKnownFileType = sourcecode.swift; path = ArticleListView.swift; sourceTree = "<group>"; };
		D6287B7E29AA1871006B9C96 /* OpenedArticleView.swift */ = {isa = PBXFileReference; lastKnownFileType = sourcecode.swift; path = OpenedArticleView.swift; sourceTree = "<group>"; };
		D6287B8029AA1C86006B9C96 /* PressButton.swift */ = {isa = PBXFileReference; lastKnownFileType = sourcecode.swift; path = PressButton.swift; sourceTree = "<group>"; };
		D6287B8229AA1DE9006B9C96 /* testData.json */ = {isa = PBXFileReference; lastKnownFileType = text.json; path = testData.json; sourceTree = "<group>"; };
		D6287B8429AA2A88006B9C96 /* WebView.swift */ = {isa = PBXFileReference; lastKnownFileType = sourcecode.swift; path = WebView.swift; sourceTree = "<group>"; };
		D6287B8929AA3151006B9C96 /* en */ = {isa = PBXFileReference; lastKnownFileType = text.plist.strings; name = en; path = en.lproj/Localizable.strings; sourceTree = "<group>"; };
		D6287B8B29AA3155006B9C96 /* fr */ = {isa = PBXFileReference; lastKnownFileType = text.plist.strings; name = fr; path = fr.lproj/Localizable.strings; sourceTree = "<group>"; };
		D6287B8C29AA327F006B9C96 /* PrimaryButton.swift */ = {isa = PBXFileReference; lastKnownFileType = sourcecode.swift; path = PrimaryButton.swift; sourceTree = "<group>"; };
		D6287B8E29AA5689006B9C96 /* SegmentedSelector.swift */ = {isa = PBXFileReference; lastKnownFileType = sourcecode.swift; path = SegmentedSelector.swift; sourceTree = "<group>"; };
		D6287B9029AA6AB0006B9C96 /* OpenedArticlePreview.swift */ = {isa = PBXFileReference; lastKnownFileType = sourcecode.swift; path = OpenedArticlePreview.swift; sourceTree = "<group>"; };
		D6287B9329AA6CE5006B9C96 /* SearchButton.swift */ = {isa = PBXFileReference; lastKnownFileType = sourcecode.swift; path = SearchButton.swift; sourceTree = "<group>"; };
		D6287B9529AA6EB3006B9C96 /* CornerRadius.swift */ = {isa = PBXFileReference; lastKnownFileType = sourcecode.swift; path = CornerRadius.swift; sourceTree = "<group>"; };
		D68F020229AA848100D9323B /* Info.plist */ = {isa = PBXFileReference; lastKnownFileType = text.plist; path = Info.plist; sourceTree = "<group>"; };
		D68F020529ABD91000D9323B /* Fetch.swift */ = {isa = PBXFileReference; lastKnownFileType = sourcecode.swift; path = Fetch.swift; sourceTree = "<group>"; };
		D68F021829ABF15C00D9323B /* FetchHeadlinesEmpty.swift */ = {isa = PBXFileReference; lastKnownFileType = sourcecode.swift; name = FetchHeadlinesEmpty.swift; path = TechnicalTest/AppService/MockResults/Headlines/FetchHeadlinesEmpty.swift; sourceTree = SOURCE_ROOT; };
		D68F021A29ABF1D300D9323B /* FetchHeadlinesError.swift */ = {isa = PBXFileReference; lastKnownFileType = sourcecode.swift; path = FetchHeadlinesError.swift; sourceTree = "<group>"; };
		D68F021C29ABF1E300D9323B /* FetchHeadlinesSuccess.swift */ = {isa = PBXFileReference; lastKnownFileType = sourcecode.swift; path = FetchHeadlinesSuccess.swift; sourceTree = "<group>"; };
		D68F021F29ABF24200D9323B /* FetchSearchesSuccess.swift */ = {isa = PBXFileReference; lastKnownFileType = sourcecode.swift; path = FetchSearchesSuccess.swift; sourceTree = "<group>"; };
/* End PBXFileReference section */

/* Begin PBXFrameworksBuildPhase section */
		D6086CF429A8E93D00E9EBC3 /* Frameworks */ = {
			isa = PBXFrameworksBuildPhase;
			buildActionMask = 2147483647;
			files = (
			);
			runOnlyForDeploymentPostprocessing = 0;
		};
		D6086D0529A8E93F00E9EBC3 /* Frameworks */ = {
			isa = PBXFrameworksBuildPhase;
			buildActionMask = 2147483647;
			files = (
			);
			runOnlyForDeploymentPostprocessing = 0;
		};
		D6086D0F29A8E93F00E9EBC3 /* Frameworks */ = {
			isa = PBXFrameworksBuildPhase;
			buildActionMask = 2147483647;
			files = (
			);
			runOnlyForDeploymentPostprocessing = 0;
		};
/* End PBXFrameworksBuildPhase section */

/* Begin PBXGroup section */
		D6086CEE29A8E93D00E9EBC3 = {
			isa = PBXGroup;
			children = (
				D6287B8A29AA3151006B9C96 /* Localizable.strings */,
				D6086CF929A8E93D00E9EBC3 /* TechnicalTest */,
				D6086D0B29A8E93F00E9EBC3 /* TechnicalTestTests */,
				D6086D1529A8E93F00E9EBC3 /* TechnicalTestUITests */,
				D6086CF829A8E93D00E9EBC3 /* Products */,
			);
			sourceTree = "<group>";
		};
		D6086CF829A8E93D00E9EBC3 /* Products */ = {
			isa = PBXGroup;
			children = (
				D6086CF729A8E93D00E9EBC3 /* TechnicalTest.app */,
				D6086D0829A8E93F00E9EBC3 /* TechnicalTestTests.xctest */,
				D6086D1229A8E93F00E9EBC3 /* TechnicalTestUITests.xctest */,
			);
			name = Products;
			sourceTree = "<group>";
		};
		D6086CF929A8E93D00E9EBC3 /* TechnicalTest */ = {
			isa = PBXGroup;
			children = (
				D68F020229AA848100D9323B /* Info.plist */,
				D6086D2B29A8EC6800E9EBC3 /* AppService */,
				D6086D2A29A8EC6100E9EBC3 /* Views */,
				D6086CFE29A8E93F00E9EBC3 /* Assets.xcassets */,
				D6086D0029A8E93F00E9EBC3 /* TechnicalTest.entitlements */,
				D6086D0129A8E93F00E9EBC3 /* Preview Content */,
			);
			path = TechnicalTest;
			sourceTree = "<group>";
		};
		D6086D0129A8E93F00E9EBC3 /* Preview Content */ = {
			isa = PBXGroup;
			children = (
				D6086D0229A8E93F00E9EBC3 /* Preview Assets.xcassets */,
			);
			path = "Preview Content";
			sourceTree = "<group>";
		};
		D6086D0B29A8E93F00E9EBC3 /* TechnicalTestTests */ = {
			isa = PBXGroup;
			children = (
				D68F021629ABF14400D9323B /* MockResults */,
				D6086D0C29A8E93F00E9EBC3 /* TechnicalTestTests.swift */,
			);
			path = TechnicalTestTests;
			sourceTree = "<group>";
		};
		D6086D1529A8E93F00E9EBC3 /* TechnicalTestUITests */ = {
			isa = PBXGroup;
			children = (
				D6086D1629A8E93F00E9EBC3 /* TechnicalTestUITests.swift */,
			);
			path = TechnicalTestUITests;
			sourceTree = "<group>";
		};
		D6086D2529A8EA3D00E9EBC3 /* ContentView */ = {
			isa = PBXGroup;
			children = (
				D6287B9329AA6CE5006B9C96 /* SearchButton.swift */,
				D6086CFC29A8E93D00E9EBC3 /* ContentView.swift */,
			);
			path = ContentView;
			sourceTree = "<group>";
		};
		D6086D2A29A8EC6100E9EBC3 /* Views */ = {
			isa = PBXGroup;
			children = (
				D6287B7D29AA1861006B9C96 /* OpenedArticle */,
				D6287B7A29AA0A60006B9C96 /* ArticleList */,
				D6287B7429A9055F006B9C96 /* ArticlePreview */,
				D6086D2529A8EA3D00E9EBC3 /* ContentView */,
				D6086CFA29A8E93D00E9EBC3 /* TechnicalTestApp.swift */,
			);
			path = Views;
			sourceTree = "<group>";
		};
		D6086D2B29A8EC6800E9EBC3 /* AppService */ = {
			isa = PBXGroup;
			children = (
				D68F020B29ABEBA400D9323B /* MockResults */,
				D6086D2829A8EC5900E9EBC3 /* AppService.swift */,
				D68F020529ABD91000D9323B /* Fetch.swift */,
				D6287B7729AA0927006B9C96 /* Resources */,
				D6086D2F29A8F8F800E9EBC3 /* Extensions */,
				D6086D2C29A8F5CE00E9EBC3 /* Models */,
			);
			path = AppService;
			sourceTree = "<group>";
		};
		D6086D2C29A8F5CE00E9EBC3 /* Models */ = {
			isa = PBXGroup;
			children = (
				D6086D2D29A8F5DB00E9EBC3 /* ResultsModel.swift */,
			);
			path = Models;
			sourceTree = "<group>";
		};
		D6086D2F29A8F8F800E9EBC3 /* Extensions */ = {
			isa = PBXGroup;
			children = (
				D6086D3029A8F90200E9EBC3 /* String.swift */,
				D6287B9529AA6EB3006B9C96 /* CornerRadius.swift */,
				D6287B8029AA1C86006B9C96 /* PressButton.swift */,
			);
			path = Extensions;
			sourceTree = "<group>";
		};
		D6287B7429A9055F006B9C96 /* ArticlePreview */ = {
			isa = PBXGroup;
			children = (
				D6287B7529A9056D006B9C96 /* ArticlePreview.swift */,
			);
			path = ArticlePreview;
			sourceTree = "<group>";
		};
		D6287B7729AA0927006B9C96 /* Resources */ = {
			isa = PBXGroup;
			children = (
				D6287B7829AA0990006B9C96 /* ArticleImage.swift */,
				D6287B8429AA2A88006B9C96 /* WebView.swift */,
				D6287B8C29AA327F006B9C96 /* PrimaryButton.swift */,
			);
			path = Resources;
			sourceTree = "<group>";
		};
		D6287B7A29AA0A60006B9C96 /* ArticleList */ = {
			isa = PBXGroup;
			children = (
				D6287B7B29AA0A6C006B9C96 /* ArticleListView.swift */,
			);
			path = ArticleList;
			sourceTree = "<group>";
		};
		D6287B7D29AA1861006B9C96 /* OpenedArticle */ = {
			isa = PBXGroup;
			children = (
				D6287B7E29AA1871006B9C96 /* OpenedArticleView.swift */,
				D6287B9029AA6AB0006B9C96 /* OpenedArticlePreview.swift */,
				D6287B8E29AA5689006B9C96 /* SegmentedSelector.swift */,
			);
			path = OpenedArticle;
			sourceTree = "<group>";
		};
		D68F020B29ABEBA400D9323B /* MockResults */ = {
			isa = PBXGroup;
			children = (
				D6287B8229AA1DE9006B9C96 /* testData.json */,
			);
			path = MockResults;
			sourceTree = "<group>";
		};
		D68F021629ABF14400D9323B /* MockResults */ = {
			isa = PBXGroup;
			children = (
				D68F021729ABF14D00D9323B /* Headlines */,
				D68F021E29ABF23000D9323B /* Searches */,
			);
			path = MockResults;
			sourceTree = "<group>";
		};
		D68F021729ABF14D00D9323B /* Headlines */ = {
			isa = PBXGroup;
			children = (
				D68F021C29ABF1E300D9323B /* FetchHeadlinesSuccess.swift */,
				D68F021A29ABF1D300D9323B /* FetchHeadlinesError.swift */,
				D68F021829ABF15C00D9323B /* FetchHeadlinesEmpty.swift */,
			);
			path = Headlines;
			sourceTree = "<group>";
		};
		D68F021E29ABF23000D9323B /* Searches */ = {
			isa = PBXGroup;
			children = (
				D68F021F29ABF24200D9323B /* FetchSearchesSuccess.swift */,
			);
			path = Searches;
			sourceTree = "<group>";
		};
/* End PBXGroup section */

/* Begin PBXNativeTarget section */
		D6086CF629A8E93D00E9EBC3 /* TechnicalTest */ = {
			isa = PBXNativeTarget;
			buildConfigurationList = D6086D1C29A8E93F00E9EBC3 /* Build configuration list for PBXNativeTarget "TechnicalTest" */;
			buildPhases = (
				D6086CF329A8E93D00E9EBC3 /* Sources */,
				D6086CF429A8E93D00E9EBC3 /* Frameworks */,
				D6086CF529A8E93D00E9EBC3 /* Resources */,
			);
			buildRules = (
			);
			dependencies = (
			);
			name = TechnicalTest;
			productName = TechnicalTest;
			productReference = D6086CF729A8E93D00E9EBC3 /* TechnicalTest.app */;
			productType = "com.apple.product-type.application";
		};
		D6086D0729A8E93F00E9EBC3 /* TechnicalTestTests */ = {
			isa = PBXNativeTarget;
			buildConfigurationList = D6086D1F29A8E93F00E9EBC3 /* Build configuration list for PBXNativeTarget "TechnicalTestTests" */;
			buildPhases = (
				D6086D0429A8E93F00E9EBC3 /* Sources */,
				D6086D0529A8E93F00E9EBC3 /* Frameworks */,
				D6086D0629A8E93F00E9EBC3 /* Resources */,
			);
			buildRules = (
			);
			dependencies = (
				D6086D0A29A8E93F00E9EBC3 /* PBXTargetDependency */,
			);
			name = TechnicalTestTests;
			productName = TechnicalTestTests;
			productReference = D6086D0829A8E93F00E9EBC3 /* TechnicalTestTests.xctest */;
			productType = "com.apple.product-type.bundle.unit-test";
		};
		D6086D1129A8E93F00E9EBC3 /* TechnicalTestUITests */ = {
			isa = PBXNativeTarget;
			buildConfigurationList = D6086D2229A8E93F00E9EBC3 /* Build configuration list for PBXNativeTarget "TechnicalTestUITests" */;
			buildPhases = (
				D6086D0E29A8E93F00E9EBC3 /* Sources */,
				D6086D0F29A8E93F00E9EBC3 /* Frameworks */,
				D6086D1029A8E93F00E9EBC3 /* Resources */,
			);
			buildRules = (
			);
			dependencies = (
				D6086D1429A8E93F00E9EBC3 /* PBXTargetDependency */,
			);
			name = TechnicalTestUITests;
			productName = TechnicalTestUITests;
			productReference = D6086D1229A8E93F00E9EBC3 /* TechnicalTestUITests.xctest */;
			productType = "com.apple.product-type.bundle.ui-testing";
		};
/* End PBXNativeTarget section */

/* Begin PBXProject section */
		D6086CEF29A8E93D00E9EBC3 /* Project object */ = {
			isa = PBXProject;
			attributes = {
				BuildIndependentTargetsInParallel = 1;
				LastSwiftUpdateCheck = 1420;
				LastUpgradeCheck = 1420;
				TargetAttributes = {
					D6086CF629A8E93D00E9EBC3 = {
						CreatedOnToolsVersion = 14.2;
					};
					D6086D0729A8E93F00E9EBC3 = {
						CreatedOnToolsVersion = 14.2;
						TestTargetID = D6086CF629A8E93D00E9EBC3;
					};
					D6086D1129A8E93F00E9EBC3 = {
						CreatedOnToolsVersion = 14.2;
						TestTargetID = D6086CF629A8E93D00E9EBC3;
					};
				};
			};
			buildConfigurationList = D6086CF229A8E93D00E9EBC3 /* Build configuration list for PBXProject "TechnicalTest" */;
			compatibilityVersion = "Xcode 14.0";
			developmentRegion = en;
			hasScannedForEncodings = 0;
			knownRegions = (
				en,
				Base,
				fr,
			);
			mainGroup = D6086CEE29A8E93D00E9EBC3;
			productRefGroup = D6086CF829A8E93D00E9EBC3 /* Products */;
			projectDirPath = "";
			projectRoot = "";
			targets = (
				D6086CF629A8E93D00E9EBC3 /* TechnicalTest */,
				D6086D0729A8E93F00E9EBC3 /* TechnicalTestTests */,
				D6086D1129A8E93F00E9EBC3 /* TechnicalTestUITests */,
			);
		};
/* End PBXProject section */

/* Begin PBXResourcesBuildPhase section */
		D6086CF529A8E93D00E9EBC3 /* Resources */ = {
			isa = PBXResourcesBuildPhase;
			buildActionMask = 2147483647;
			files = (
				D6086D0329A8E93F00E9EBC3 /* Preview Assets.xcassets in Resources */,
				D6287B8829AA3151006B9C96 /* Localizable.strings in Resources */,
				D6086CFF29A8E93F00E9EBC3 /* Assets.xcassets in Resources */,
				D6287B8329AA1DE9006B9C96 /* testData.json in Resources */,
			);
			runOnlyForDeploymentPostprocessing = 0;
		};
		D6086D0629A8E93F00E9EBC3 /* Resources */ = {
			isa = PBXResourcesBuildPhase;
			buildActionMask = 2147483647;
			files = (
			);
			runOnlyForDeploymentPostprocessing = 0;
		};
		D6086D1029A8E93F00E9EBC3 /* Resources */ = {
			isa = PBXResourcesBuildPhase;
			buildActionMask = 2147483647;
			files = (
			);
			runOnlyForDeploymentPostprocessing = 0;
		};
/* End PBXResourcesBuildPhase section */

/* Begin PBXSourcesBuildPhase section */
		D6086CF329A8E93D00E9EBC3 /* Sources */ = {
			isa = PBXSourcesBuildPhase;
			buildActionMask = 2147483647;
			files = (
				D6086D2929A8EC5900E9EBC3 /* AppService.swift in Sources */,
				D6086D3129A8F90200E9EBC3 /* String.swift in Sources */,
				D6287B7C29AA0A6C006B9C96 /* ArticleListView.swift in Sources */,
				D6287B7629A9056D006B9C96 /* ArticlePreview.swift in Sources */,
				D6287B9629AA6EB3006B9C96 /* CornerRadius.swift in Sources */,
				D6287B8D29AA327F006B9C96 /* PrimaryButton.swift in Sources */,
				D6287B7929AA0990006B9C96 /* ArticleImage.swift in Sources */,
				D68F020629ABD91000D9323B /* Fetch.swift in Sources */,
				D6287B9129AA6AB0006B9C96 /* OpenedArticlePreview.swift in Sources */,
				D6287B7F29AA1871006B9C96 /* OpenedArticleView.swift in Sources */,
				D6086CFD29A8E93D00E9EBC3 /* ContentView.swift in Sources */,
				D6287B8129AA1C86006B9C96 /* PressButton.swift in Sources */,
				D6287B8529AA2A88006B9C96 /* WebView.swift in Sources */,
				D6287B8F29AA5689006B9C96 /* SegmentedSelector.swift in Sources */,
				D6086CFB29A8E93D00E9EBC3 /* TechnicalTestApp.swift in Sources */,
				D6086D2E29A8F5DB00E9EBC3 /* ResultsModel.swift in Sources */,
				D6287B9429AA6CE5006B9C96 /* SearchButton.swift in Sources */,
			);
			runOnlyForDeploymentPostprocessing = 0;
		};
		D6086D0429A8E93F00E9EBC3 /* Sources */ = {
			isa = PBXSourcesBuildPhase;
			buildActionMask = 2147483647;
			files = (
				D68F020A29ABE6B400D9323B /* Fetch.swift in Sources */,
				D68F020829ABE6A200D9323B /* ResultsModel.swift in Sources */,
				D68F021929ABF15C00D9323B /* FetchHeadlinesEmpty.swift in Sources */,
				D6086D0D29A8E93F00E9EBC3 /* TechnicalTestTests.swift in Sources */,
				D68F022029ABF24200D9323B /* FetchSearchesSuccess.swift in Sources */,
				D68F020929ABE6AC00D9323B /* String.swift in Sources */,
				D68F021B29ABF1D300D9323B /* FetchHeadlinesError.swift in Sources */,
				D68F021D29ABF1E300D9323B /* FetchHeadlinesSuccess.swift in Sources */,
				D68F020729ABE12100D9323B /* AppService.swift in Sources */,
			);
			runOnlyForDeploymentPostprocessing = 0;
		};
		D6086D0E29A8E93F00E9EBC3 /* Sources */ = {
			isa = PBXSourcesBuildPhase;
			buildActionMask = 2147483647;
			files = (
				D6086D1729A8E93F00E9EBC3 /* TechnicalTestUITests.swift in Sources */,
			);
			runOnlyForDeploymentPostprocessing = 0;
		};
/* End PBXSourcesBuildPhase section */

/* Begin PBXTargetDependency section */
		D6086D0A29A8E93F00E9EBC3 /* PBXTargetDependency */ = {
			isa = PBXTargetDependency;
			target = D6086CF629A8E93D00E9EBC3 /* TechnicalTest */;
			targetProxy = D6086D0929A8E93F00E9EBC3 /* PBXContainerItemProxy */;
		};
		D6086D1429A8E93F00E9EBC3 /* PBXTargetDependency */ = {
			isa = PBXTargetDependency;
			target = D6086CF629A8E93D00E9EBC3 /* TechnicalTest */;
			targetProxy = D6086D1329A8E93F00E9EBC3 /* PBXContainerItemProxy */;
		};
/* End PBXTargetDependency section */

/* Begin PBXVariantGroup section */
		D6287B8A29AA3151006B9C96 /* Localizable.strings */ = {
			isa = PBXVariantGroup;
			children = (
				D6287B8929AA3151006B9C96 /* en */,
				D6287B8B29AA3155006B9C96 /* fr */,
			);
			name = Localizable.strings;
			sourceTree = "<group>";
		};
/* End PBXVariantGroup section */

/* Begin XCBuildConfiguration section */
		D6086D1A29A8E93F00E9EBC3 /* Debug */ = {
			isa = XCBuildConfiguration;
			buildSettings = {
				ALWAYS_SEARCH_USER_PATHS = NO;
				CLANG_ANALYZER_NONNULL = YES;
				CLANG_ANALYZER_NUMBER_OBJECT_CONVERSION = YES_AGGRESSIVE;
				CLANG_CXX_LANGUAGE_STANDARD = "gnu++20";
				CLANG_ENABLE_MODULES = YES;
				CLANG_ENABLE_OBJC_ARC = YES;
				CLANG_ENABLE_OBJC_WEAK = YES;
				CLANG_WARN_BLOCK_CAPTURE_AUTORELEASING = YES;
				CLANG_WARN_BOOL_CONVERSION = YES;
				CLANG_WARN_COMMA = YES;
				CLANG_WARN_CONSTANT_CONVERSION = YES;
				CLANG_WARN_DEPRECATED_OBJC_IMPLEMENTATIONS = YES;
				CLANG_WARN_DIRECT_OBJC_ISA_USAGE = YES_ERROR;
				CLANG_WARN_DOCUMENTATION_COMMENTS = YES;
				CLANG_WARN_EMPTY_BODY = YES;
				CLANG_WARN_ENUM_CONVERSION = YES;
				CLANG_WARN_INFINITE_RECURSION = YES;
				CLANG_WARN_INT_CONVERSION = YES;
				CLANG_WARN_NON_LITERAL_NULL_CONVERSION = YES;
				CLANG_WARN_OBJC_IMPLICIT_RETAIN_SELF = YES;
				CLANG_WARN_OBJC_LITERAL_CONVERSION = YES;
				CLANG_WARN_OBJC_ROOT_CLASS = YES_ERROR;
				CLANG_WARN_QUOTED_INCLUDE_IN_FRAMEWORK_HEADER = YES;
				CLANG_WARN_RANGE_LOOP_ANALYSIS = YES;
				CLANG_WARN_STRICT_PROTOTYPES = YES;
				CLANG_WARN_SUSPICIOUS_MOVE = YES;
				CLANG_WARN_UNGUARDED_AVAILABILITY = YES_AGGRESSIVE;
				CLANG_WARN_UNREACHABLE_CODE = YES;
				CLANG_WARN__DUPLICATE_METHOD_MATCH = YES;
				COPY_PHASE_STRIP = NO;
				DEBUG_INFORMATION_FORMAT = dwarf;
				ENABLE_STRICT_OBJC_MSGSEND = YES;
				ENABLE_TESTABILITY = YES;
				GCC_C_LANGUAGE_STANDARD = gnu11;
				GCC_DYNAMIC_NO_PIC = NO;
				GCC_NO_COMMON_BLOCKS = YES;
				GCC_OPTIMIZATION_LEVEL = 0;
				GCC_PREPROCESSOR_DEFINITIONS = (
					"DEBUG=1",
					"$(inherited)",
				);
				GCC_WARN_64_TO_32_BIT_CONVERSION = YES;
				GCC_WARN_ABOUT_RETURN_TYPE = YES_ERROR;
				GCC_WARN_UNDECLARED_SELECTOR = YES;
				GCC_WARN_UNINITIALIZED_AUTOS = YES_AGGRESSIVE;
				GCC_WARN_UNUSED_FUNCTION = YES;
				GCC_WARN_UNUSED_VARIABLE = YES;
				MTL_ENABLE_DEBUG_INFO = INCLUDE_SOURCE;
				MTL_FAST_MATH = YES;
				ONLY_ACTIVE_ARCH = YES;
				SWIFT_ACTIVE_COMPILATION_CONDITIONS = DEBUG;
				SWIFT_OPTIMIZATION_LEVEL = "-Onone";
			};
			name = Debug;
		};
		D6086D1B29A8E93F00E9EBC3 /* Release */ = {
			isa = XCBuildConfiguration;
			buildSettings = {
				ALWAYS_SEARCH_USER_PATHS = NO;
				CLANG_ANALYZER_NONNULL = YES;
				CLANG_ANALYZER_NUMBER_OBJECT_CONVERSION = YES_AGGRESSIVE;
				CLANG_CXX_LANGUAGE_STANDARD = "gnu++20";
				CLANG_ENABLE_MODULES = YES;
				CLANG_ENABLE_OBJC_ARC = YES;
				CLANG_ENABLE_OBJC_WEAK = YES;
				CLANG_WARN_BLOCK_CAPTURE_AUTORELEASING = YES;
				CLANG_WARN_BOOL_CONVERSION = YES;
				CLANG_WARN_COMMA = YES;
				CLANG_WARN_CONSTANT_CONVERSION = YES;
				CLANG_WARN_DEPRECATED_OBJC_IMPLEMENTATIONS = YES;
				CLANG_WARN_DIRECT_OBJC_ISA_USAGE = YES_ERROR;
				CLANG_WARN_DOCUMENTATION_COMMENTS = YES;
				CLANG_WARN_EMPTY_BODY = YES;
				CLANG_WARN_ENUM_CONVERSION = YES;
				CLANG_WARN_INFINITE_RECURSION = YES;
				CLANG_WARN_INT_CONVERSION = YES;
				CLANG_WARN_NON_LITERAL_NULL_CONVERSION = YES;
				CLANG_WARN_OBJC_IMPLICIT_RETAIN_SELF = YES;
				CLANG_WARN_OBJC_LITERAL_CONVERSION = YES;
				CLANG_WARN_OBJC_ROOT_CLASS = YES_ERROR;
				CLANG_WARN_QUOTED_INCLUDE_IN_FRAMEWORK_HEADER = YES;
				CLANG_WARN_RANGE_LOOP_ANALYSIS = YES;
				CLANG_WARN_STRICT_PROTOTYPES = YES;
				CLANG_WARN_SUSPICIOUS_MOVE = YES;
				CLANG_WARN_UNGUARDED_AVAILABILITY = YES_AGGRESSIVE;
				CLANG_WARN_UNREACHABLE_CODE = YES;
				CLANG_WARN__DUPLICATE_METHOD_MATCH = YES;
				COPY_PHASE_STRIP = NO;
				DEBUG_INFORMATION_FORMAT = "dwarf-with-dsym";
				ENABLE_NS_ASSERTIONS = NO;
				ENABLE_STRICT_OBJC_MSGSEND = YES;
				GCC_C_LANGUAGE_STANDARD = gnu11;
				GCC_NO_COMMON_BLOCKS = YES;
				GCC_WARN_64_TO_32_BIT_CONVERSION = YES;
				GCC_WARN_ABOUT_RETURN_TYPE = YES_ERROR;
				GCC_WARN_UNDECLARED_SELECTOR = YES;
				GCC_WARN_UNINITIALIZED_AUTOS = YES_AGGRESSIVE;
				GCC_WARN_UNUSED_FUNCTION = YES;
				GCC_WARN_UNUSED_VARIABLE = YES;
				MTL_ENABLE_DEBUG_INFO = NO;
				MTL_FAST_MATH = YES;
				SWIFT_COMPILATION_MODE = wholemodule;
				SWIFT_OPTIMIZATION_LEVEL = "-O";
			};
			name = Release;
		};
		D6086D1D29A8E93F00E9EBC3 /* Debug */ = {
			isa = XCBuildConfiguration;
			buildSettings = {
				ASSETCATALOG_COMPILER_APPICON_NAME = AppIcon;
				ASSETCATALOG_COMPILER_GLOBAL_ACCENT_COLOR_NAME = AccentColor;
				CODE_SIGN_ENTITLEMENTS = TechnicalTest/TechnicalTest.entitlements;
				CODE_SIGN_STYLE = Automatic;
				CURRENT_PROJECT_VERSION = 1;
				DEVELOPMENT_ASSET_PATHS = "\"TechnicalTest/Preview Content\"";
				DEVELOPMENT_TEAM = 38QRLL4LMJ;
				ENABLE_HARDENED_RUNTIME = YES;
				ENABLE_PREVIEWS = YES;
				GENERATE_INFOPLIST_FILE = YES;
				INFOPLIST_FILE = TechnicalTest/Info.plist;
				"INFOPLIST_KEY_UIApplicationSceneManifest_Generation[sdk=iphoneos*]" = YES;
				"INFOPLIST_KEY_UIApplicationSceneManifest_Generation[sdk=iphonesimulator*]" = YES;
				"INFOPLIST_KEY_UIApplicationSupportsIndirectInputEvents[sdk=iphoneos*]" = YES;
				"INFOPLIST_KEY_UIApplicationSupportsIndirectInputEvents[sdk=iphonesimulator*]" = YES;
				"INFOPLIST_KEY_UILaunchScreen_Generation[sdk=iphoneos*]" = YES;
				"INFOPLIST_KEY_UILaunchScreen_Generation[sdk=iphonesimulator*]" = YES;
				"INFOPLIST_KEY_UIStatusBarStyle[sdk=iphoneos*]" = UIStatusBarStyleDefault;
				"INFOPLIST_KEY_UIStatusBarStyle[sdk=iphonesimulator*]" = UIStatusBarStyleDefault;
				INFOPLIST_KEY_UISupportedInterfaceOrientations_iPad = "UIInterfaceOrientationPortrait UIInterfaceOrientationPortraitUpsideDown UIInterfaceOrientationLandscapeLeft UIInterfaceOrientationLandscapeRight";
				INFOPLIST_KEY_UISupportedInterfaceOrientations_iPhone = "UIInterfaceOrientationPortrait UIInterfaceOrientationLandscapeLeft UIInterfaceOrientationLandscapeRight";
				IPHONEOS_DEPLOYMENT_TARGET = 16.2;
				LD_RUNPATH_SEARCH_PATHS = "@executable_path/Frameworks";
				"LD_RUNPATH_SEARCH_PATHS[sdk=macosx*]" = "@executable_path/../Frameworks";
				MACOSX_DEPLOYMENT_TARGET = 13.1;
				MARKETING_VERSION = 1.0;
				PRODUCT_BUNDLE_IDENTIFIER = fr.nolot.TechnicalTest;
				PRODUCT_NAME = "$(TARGET_NAME)";
				SDKROOT = auto;
				SUPPORTED_PLATFORMS = "iphoneos iphonesimulator macosx";
				SWIFT_EMIT_LOC_STRINGS = YES;
				SWIFT_VERSION = 5.0;
				TARGETED_DEVICE_FAMILY = "1,2";
			};
			name = Debug;
		};
		D6086D1E29A8E93F00E9EBC3 /* Release */ = {
			isa = XCBuildConfiguration;
			buildSettings = {
				ASSETCATALOG_COMPILER_APPICON_NAME = AppIcon;
				ASSETCATALOG_COMPILER_GLOBAL_ACCENT_COLOR_NAME = AccentColor;
				CODE_SIGN_ENTITLEMENTS = TechnicalTest/TechnicalTest.entitlements;
				CODE_SIGN_STYLE = Automatic;
				CURRENT_PROJECT_VERSION = 1;
				DEVELOPMENT_ASSET_PATHS = "\"TechnicalTest/Preview Content\"";
				DEVELOPMENT_TEAM = 38QRLL4LMJ;
				ENABLE_HARDENED_RUNTIME = YES;
				ENABLE_PREVIEWS = YES;
				GENERATE_INFOPLIST_FILE = YES;
				INFOPLIST_FILE = TechnicalTest/Info.plist;
				"INFOPLIST_KEY_UIApplicationSceneManifest_Generation[sdk=iphoneos*]" = YES;
				"INFOPLIST_KEY_UIApplicationSceneManifest_Generation[sdk=iphonesimulator*]" = YES;
				"INFOPLIST_KEY_UIApplicationSupportsIndirectInputEvents[sdk=iphoneos*]" = YES;
				"INFOPLIST_KEY_UIApplicationSupportsIndirectInputEvents[sdk=iphonesimulator*]" = YES;
				"INFOPLIST_KEY_UILaunchScreen_Generation[sdk=iphoneos*]" = YES;
				"INFOPLIST_KEY_UILaunchScreen_Generation[sdk=iphonesimulator*]" = YES;
				"INFOPLIST_KEY_UIStatusBarStyle[sdk=iphoneos*]" = UIStatusBarStyleDefault;
				"INFOPLIST_KEY_UIStatusBarStyle[sdk=iphonesimulator*]" = UIStatusBarStyleDefault;
				INFOPLIST_KEY_UISupportedInterfaceOrientations_iPad = "UIInterfaceOrientationPortrait UIInterfaceOrientationPortraitUpsideDown UIInterfaceOrientationLandscapeLeft UIInterfaceOrientationLandscapeRight";
				INFOPLIST_KEY_UISupportedInterfaceOrientations_iPhone = "UIInterfaceOrientationPortrait UIInterfaceOrientationLandscapeLeft UIInterfaceOrientationLandscapeRight";
				IPHONEOS_DEPLOYMENT_TARGET = 16.2;
				LD_RUNPATH_SEARCH_PATHS = "@executable_path/Frameworks";
				"LD_RUNPATH_SEARCH_PATHS[sdk=macosx*]" = "@executable_path/../Frameworks";
				MACOSX_DEPLOYMENT_TARGET = 13.1;
				MARKETING_VERSION = 1.0;
				PRODUCT_BUNDLE_IDENTIFIER = fr.nolot.TechnicalTest;
				PRODUCT_NAME = "$(TARGET_NAME)";
				SDKROOT = auto;
				SUPPORTED_PLATFORMS = "iphoneos iphonesimulator macosx";
				SWIFT_EMIT_LOC_STRINGS = YES;
				SWIFT_VERSION = 5.0;
				TARGETED_DEVICE_FAMILY = "1,2";
			};
			name = Release;
		};
		D6086D2029A8E93F00E9EBC3 /* Debug */ = {
			isa = XCBuildConfiguration;
			buildSettings = {
				ALWAYS_EMBED_SWIFT_STANDARD_LIBRARIES = YES;
				BUNDLE_LOADER = "$(TEST_HOST)";
				CODE_SIGN_STYLE = Automatic;
				CURRENT_PROJECT_VERSION = 1;
				DEVELOPMENT_TEAM = 38QRLL4LMJ;
				GENERATE_INFOPLIST_FILE = YES;
				IPHONEOS_DEPLOYMENT_TARGET = 16.2;
				MACOSX_DEPLOYMENT_TARGET = 13.1;
				MARKETING_VERSION = 1.0;
				PRODUCT_BUNDLE_IDENTIFIER = fr.nolot.TechnicalTestTests;
				PRODUCT_NAME = "$(TARGET_NAME)";
				SDKROOT = auto;
				SUPPORTED_PLATFORMS = "iphoneos iphonesimulator macosx";
				SWIFT_EMIT_LOC_STRINGS = NO;
				SWIFT_VERSION = 5.0;
				TARGETED_DEVICE_FAMILY = "1,2";
				TEST_HOST = "$(BUILT_PRODUCTS_DIR)/TechnicalTest.app/$(BUNDLE_EXECUTABLE_FOLDER_PATH)/TechnicalTest";
			};
			name = Debug;
		};
		D6086D2129A8E93F00E9EBC3 /* Release */ = {
			isa = XCBuildConfiguration;
			buildSettings = {
				ALWAYS_EMBED_SWIFT_STANDARD_LIBRARIES = YES;
				BUNDLE_LOADER = "$(TEST_HOST)";
				CODE_SIGN_STYLE = Automatic;
				CURRENT_PROJECT_VERSION = 1;
				DEVELOPMENT_TEAM = 38QRLL4LMJ;
				GENERATE_INFOPLIST_FILE = YES;
				IPHONEOS_DEPLOYMENT_TARGET = 16.2;
				MACOSX_DEPLOYMENT_TARGET = 13.1;
				MARKETING_VERSION = 1.0;
				PRODUCT_BUNDLE_IDENTIFIER = fr.nolot.TechnicalTestTests;
				PRODUCT_NAME = "$(TARGET_NAME)";
				SDKROOT = auto;
				SUPPORTED_PLATFORMS = "iphoneos iphonesimulator macosx";
				SWIFT_EMIT_LOC_STRINGS = NO;
				SWIFT_VERSION = 5.0;
				TARGETED_DEVICE_FAMILY = "1,2";
				TEST_HOST = "$(BUILT_PRODUCTS_DIR)/TechnicalTest.app/$(BUNDLE_EXECUTABLE_FOLDER_PATH)/TechnicalTest";
			};
			name = Release;
		};
		D6086D2329A8E93F00E9EBC3 /* Debug */ = {
			isa = XCBuildConfiguration;
			buildSettings = {
				ALWAYS_EMBED_SWIFT_STANDARD_LIBRARIES = YES;
				CODE_SIGN_STYLE = Automatic;
				CURRENT_PROJECT_VERSION = 1;
				DEVELOPMENT_TEAM = 38QRLL4LMJ;
				GENERATE_INFOPLIST_FILE = YES;
				IPHONEOS_DEPLOYMENT_TARGET = 16.2;
				MACOSX_DEPLOYMENT_TARGET = 13.1;
				MARKETING_VERSION = 1.0;
				PRODUCT_BUNDLE_IDENTIFIER = fr.nolot.TechnicalTestUITests;
				PRODUCT_NAME = "$(TARGET_NAME)";
				SDKROOT = auto;
				SUPPORTED_PLATFORMS = "iphoneos iphonesimulator macosx";
				SWIFT_EMIT_LOC_STRINGS = NO;
				SWIFT_VERSION = 5.0;
				TARGETED_DEVICE_FAMILY = "1,2";
				TEST_TARGET_NAME = TechnicalTest;
			};
			name = Debug;
		};
		D6086D2429A8E93F00E9EBC3 /* Release */ = {
			isa = XCBuildConfiguration;
			buildSettings = {
				ALWAYS_EMBED_SWIFT_STANDARD_LIBRARIES = YES;
				CODE_SIGN_STYLE = Automatic;
				CURRENT_PROJECT_VERSION = 1;
				DEVELOPMENT_TEAM = 38QRLL4LMJ;
				GENERATE_INFOPLIST_FILE = YES;
				IPHONEOS_DEPLOYMENT_TARGET = 16.2;
				MACOSX_DEPLOYMENT_TARGET = 13.1;
				MARKETING_VERSION = 1.0;
				PRODUCT_BUNDLE_IDENTIFIER = fr.nolot.TechnicalTestUITests;
				PRODUCT_NAME = "$(TARGET_NAME)";
				SDKROOT = auto;
				SUPPORTED_PLATFORMS = "iphoneos iphonesimulator macosx";
				SWIFT_EMIT_LOC_STRINGS = NO;
				SWIFT_VERSION = 5.0;
				TARGETED_DEVICE_FAMILY = "1,2";
				TEST_TARGET_NAME = TechnicalTest;
			};
			name = Release;
		};
/* End XCBuildConfiguration section */

/* Begin XCConfigurationList section */
		D6086CF229A8E93D00E9EBC3 /* Build configuration list for PBXProject "TechnicalTest" */ = {
			isa = XCConfigurationList;
			buildConfigurations = (
				D6086D1A29A8E93F00E9EBC3 /* Debug */,
				D6086D1B29A8E93F00E9EBC3 /* Release */,
			);
			defaultConfigurationIsVisible = 0;
			defaultConfigurationName = Release;
		};
		D6086D1C29A8E93F00E9EBC3 /* Build configuration list for PBXNativeTarget "TechnicalTest" */ = {
			isa = XCConfigurationList;
			buildConfigurations = (
				D6086D1D29A8E93F00E9EBC3 /* Debug */,
				D6086D1E29A8E93F00E9EBC3 /* Release */,
			);
			defaultConfigurationIsVisible = 0;
			defaultConfigurationName = Release;
		};
		D6086D1F29A8E93F00E9EBC3 /* Build configuration list for PBXNativeTarget "TechnicalTestTests" */ = {
			isa = XCConfigurationList;
			buildConfigurations = (
				D6086D2029A8E93F00E9EBC3 /* Debug */,
				D6086D2129A8E93F00E9EBC3 /* Release */,
			);
			defaultConfigurationIsVisible = 0;
			defaultConfigurationName = Release;
		};
		D6086D2229A8E93F00E9EBC3 /* Build configuration list for PBXNativeTarget "TechnicalTestUITests" */ = {
			isa = XCConfigurationList;
			buildConfigurations = (
				D6086D2329A8E93F00E9EBC3 /* Debug */,
				D6086D2429A8E93F00E9EBC3 /* Release */,
			);
			defaultConfigurationIsVisible = 0;
			defaultConfigurationName = Release;
		};
/* End XCConfigurationList section */
	};
	rootObject = D6086CEF29A8E93D00E9EBC3 /* Project object */;
}
